
Microsoft Visual Studio Solution File, Format Version 12.00
# Visual Studio Version 17
VisualStudioVersion = 17.9.34723.18
MinimumVisualStudioVersion = 10.0.40219.1
Project("{FAE04EC0-301F-11D3-BF4B-00C04F79EFBC}") = "FlightsApp", "FlightsApp\FlightsApp.csproj", "{FFEE3D60-B997-48B0-A7A2-9DD85428F3FD}"
EndProject
Global
	GlobalSection(SolutionConfigurationPlatforms) = preSolution
		Debug|Any CPU = Debug|Any CPU
		Release|Any CPU = Release|Any CPU
	EndGlobalSection
	GlobalSection(ProjectConfigurationPlatforms) = postSolution
		{FFEE3D60-B997-48B0-A7A2-9DD85428F3FD}.Debug|Any CPU.ActiveCfg = Debug|Any CPU
		{FFEE3D60-B997-48B0-A7A2-9DD85428F3FD}.Debug|Any CPU.Build.0 = Debug|Any CPU
		{FFEE3D60-B997-48B0-A7A2-9DD85428F3FD}.Release|Any CPU.ActiveCfg = Release|Any CPU
		{FFEE3D60-B997-48B0-A7A2-9DD85428F3FD}.Release|Any CPU.Build.0 = Release|Any CPU
	EndGlobalSection
	GlobalSection(SolutionProperties) = preSolution
		HideSolutionNode = FALSE
	EndGlobalSection
	GlobalSection(ExtensibilityGlobals) = postSolution
		SolutionGuid = {72532ACA-E60D-4343-9439-FFFB7407033E}
	EndGlobalSection
EndGlobal
